<?xml version="1.0" encoding="utf-8"?>
<Project ToolsVersion="4.0" xmlns="http://schemas.microsoft.com/developer/msbuild/2003">
  <ItemGroup>
    <ClCompile Include="Aloha.c" />
    <ClCompile Include="Aloha_enum.c" />
    <ClCompile Include="Aloha_Mac.c" />
    <ClCompile Include="Aloha_Phy.c" />
    <ClCompile Include="PropagationModel.c" />
  </ItemGroup>
  <ItemGroup>
    <ClInclude Include="Aloha.h" />
    <ClInclude Include="Aloha_enum.h" />
  </ItemGroup>
  <ItemGroup>
    <None Include="Aloha.vcxproj.user" />
  </ItemGroup>
</Project>